<?xml version="1.0" encoding="utf-8"?>
<Project ToolsVersion="4.0" xmlns="http://schemas.microsoft.com/developer/msbuild/2003">
  <ItemGroup>
    <Filter Include="Source Files">
      <UniqueIdentifier>{4FC737F1-C7A5-4376-A066-2A32D752A2FF}</UniqueIdentifier>
      <Extensions>cpp;c;cc;cxx;c++;cppm;ixx;def;odl;idl;hpj;bat;asm;asmx</Extensions>
    </Filter>
    <Filter Include="Header Files">
      <UniqueIdentifier>{93995380-89BD-4b04-88EB-625FBE52EBFB}</UniqueIdentifier>
      <Extensions>h;hh;hpp;hxx;h++;hm;inl;inc;ipp;xsd</Extensions>
    </Filter>
    <Filter Include="Resource Files">
      <UniqueIdentifier>{67DA6AB6-F800-4c08-8B7A-83BB121AAD01}</UniqueIdentifier>
      <Extensions>rc;ico;cur;bmp;dlg;rc2;rct;bin;rgs;gif;jpg;jpeg;jpe;resx;tiff;tif;png;wav;mfcribbon-ms</Extensions>
    </Filter>
  </ItemGroup>
  <ItemGroup>
    <ClCompile Include="src\GuiMain.cpp">
      <Filter>Source Files</Filter>
    </ClCompile>
    <ClCompile Include="vendor\ImGui\imgui_widgets.cpp">
      <Filter>Source Files</Filter>
    </ClCompile>
    <ClCompile Include="vendor\ImGui\imgui_tables.cpp">
      <Filter>Source Files</Filter>
    </ClCompile>
    <ClCompile Include="vendor\ImGui\imgui_draw.cpp">
      <Filter>Source Files</Filter>
    </ClCompile>
    <ClCompile Include="vendor\ImGui\imgui_demo.cpp">
      <Filter>Source Files</Filter>
    </ClCompile>
    <ClCompile Include="vendor\ImGui\imgui.cpp">
      <Filter>Source Files</Filter>
    </ClCompile>
    <ClCompile Include="src\ConnectedApp.cpp">
      <Filter>Source Files</Filter>
    </ClCompile>
    <ClCompile Include="src\DrawThread.cpp">
      <Filter>Source Files</Filter>
    </ClCompile>
    <ClCompile Include="src\ServerSide\ServerWithInput.cpp">
      <Filter>Source Files</Filter>
    </ClCompile>
    <ClCompile Include="vendor\ImGui\misc\cpp\imgui_stdlib.cpp">
      <Filter>Source Files</Filter>
    </ClCompile>
    <ClCompile Include="vendor\ImGui\backends\imgui_impl_glfw.cpp">
      <Filter>Source Files</Filter>
    </ClCompile>
    <ClCompile Include="vendor\ImGui\backends\imgui_impl_opengl3.cpp">
      <Filter>Source Files</Filter>
    </ClCompile>
    <ClCompile Include="src\ShaderUtils.cpp">
      <Filter>Source Files</Filter>
    </ClCompile>
    <ClCompile Include="src\ServerSide\ImageDownloader.cpp">
      <Filter>Source Files</Filter>
    </ClCompile>
    <ClCompile Include="src\ServerSide\main.cpp">
      <Filter>Source Files</Filter>
    </ClCompile>
  </ItemGroup>
  <ItemGroup>
    <ClInclude Include="vendor\ImGui\imstb_truetype.h">
      <Filter>Header Files</Filter>
    </ClInclude>
    <ClInclude Include="vendor\ImGui\imstb_textedit.h">
      <Filter>Header Files</Filter>
    </ClInclude>
    <ClInclude Include="vendor\ImGui\imstb_rectpack.h">
      <Filter>Header Files</Filter>
    </ClInclude>
    <ClInclude Include="vendor\ImGui\imgui_internal.h">
      <Filter>Header Files</Filter>
    </ClInclude>
    <ClInclude Include="vendor\ImGui\imgui.h">
      <Filter>Header Files</Filter>
    </ClInclude>
    <ClInclude Include="vendor\ImGui\imconfig.h">
      <Filter>Header Files</Filter>
    </ClInclude>
    <ClInclude Include="src\CommonObject.h">
      <Filter>Header Files</Filter>
    </ClInclude>
    <ClInclude Include="src\DownloadThread.h">
      <Filter>Header Files</Filter>
    </ClInclude>
    <ClInclude Include="src\DrawThread.h">
      <Filter>Header Files</Filter>
    </ClInclude>
    <ClInclude Include="src\ServerSide\httplib\httplib.h">
      <Filter>Header Files</Filter>
    </ClInclude>
    <ClInclude Include="src\GuiMain.h">
      <Filter>Header Files</Filter>
    </ClInclude>
    <ClInclude Include="src\ServerSide\ServerWithInput.h">
      <Filter>Header Files</Filter>
    </ClInclude>
    <ClInclude Include="src\stb_image.h">
      <Filter>Header Files</Filter>
    </ClInclude>
    <ClInclude Include="vendor\ImGui\misc\cpp\imgui_stdlib.h">
      <Filter>Header Files</Filter>
    </ClInclude>
    <ClInclude Include="vendor\ImGui\misc\single_file\imgui_single_file.h">
      <Filter>Header Files</Filter>
    </ClInclude>
    <ClInclude Include="src\ServerSide\json.hpp">
      <Filter>Header Files</Filter>
    </ClInclude>
    <ClInclude Include="HttpSrc\glew-2.1.0\include\GL\eglew.h">
      <Filter>Header Files</Filter>
    </ClInclude>
    <ClInclude Include="HttpSrc\glew-2.1.0\include\GL\glew.h">
      <Filter>Header Files</Filter>
    </ClInclude>
    <ClInclude Include="HttpSrc\glew-2.1.0\include\GL\glxew.h">
      <Filter>Header Files</Filter>
    </ClInclude>
    <ClInclude Include="HttpSrc\glew-2.1.0\include\GL\wglew.h">
      <Filter>Header Files</Filter>
    </ClInclude>
    <ClInclude Include="vendor\ImGui\backends\imgui_impl_glfw.h">
      <Filter>Header Files</Filter>
    </ClInclude>
    <ClInclude Include="src\ShaderUtils.h">
      <Filter>Header Files</Filter>
    </ClInclude>
    <ClInclude Include="src\ImageCache.h">
      <Filter>Header Files</Filter>
    </ClInclude>
    <ClInclude Include="src\ServerSide\ImageDownloader.h">
      <Filter>Header Files</Filter>
    </ClInclude>
    <ClInclude Include="vendor\ImGui\backends\imgui_impl_opengl3.h">
      <Filter>Header Files</Filter>
    </ClInclude>
    <ClInclude Include="vendor\ImGui\backends\imgui_impl_opengl3_loader.h">
      <Filter>Header Files</Filter>
    </ClInclude>
    <ClInclude Include="src\ServerSide\nlohmann\detail\conversions\from_json.hpp">
      <Filter>Header Files</Filter>
    </ClInclude>
    <ClInclude Include="src\ServerSide\nlohmann\detail\conversions\to_chars.hpp">
      <Filter>Header Files</Filter>
    </ClInclude>
    <ClInclude Include="src\ServerSide\nlohmann\detail\conversions\to_json.hpp">
      <Filter>Header Files</Filter>
    </ClInclude>
    <ClInclude Include="src\ServerSide\nlohmann\detail\input\binary_reader.hpp">
      <Filter>Header Files</Filter>
    </ClInclude>
    <ClInclude Include="src\ServerSide\nlohmann\detail\input\input_adapters.hpp">
      <Filter>Header Files</Filter>
    </ClInclude>
    <ClInclude Include="src\ServerSide\nlohmann\detail\input\json_sax.hpp">
      <Filter>Header Files</Filter>
    </ClInclude>
    <ClInclude Include="src\ServerSide\nlohmann\detail\input\lexer.hpp">
      <Filter>Header Files</Filter>
    </ClInclude>
    <ClInclude Include="src\ServerSide\nlohmann\detail\input\parser.hpp">
      <Filter>Header Files</Filter>
    </ClInclude>
    <ClInclude Include="src\ServerSide\nlohmann\detail\input\position_t.hpp">
      <Filter>Header Files</Filter>
    </ClInclude>
    <ClInclude Include="src\ServerSide\nlohmann\detail\iterators\internal_iterator.hpp">
      <Filter>Header Files</Filter>
    </ClInclude>
    <ClInclude Include="src\ServerSide\nlohmann\detail\iterators\iter_impl.hpp">
      <Filter>Header Files</Filter>
    </ClInclude>
    <ClInclude Include="src\ServerSide\nlohmann\detail\iterators\iteration_proxy.hpp">
      <Filter>Header Files</Filter>
    </ClInclude>
    <ClInclude Include="src\ServerSide\nlohmann\detail\iterators\iterator_traits.hpp">
      <Filter>Header Files</Filter>
    </ClInclude>
    <ClInclude Include="src\ServerSide\nlohmann\detail\iterators\json_reverse_iterator.hpp">
      <Filter>Header Files</Filter>
    </ClInclude>
    <ClInclude Include="src\ServerSide\nlohmann\detail\iterators\primitive_iterator.hpp">
      <Filter>Header Files</Filter>
    </ClInclude>
    <ClInclude Include="src\ServerSide\nlohmann\detail\meta\call_std\begin.hpp">
      <Filter>Header Files</Filter>
    </ClInclude>
    <ClInclude Include="src\ServerSide\nlohmann\detail\meta\call_std\end.hpp">
      <Filter>Header Files</Filter>
    </ClInclude>
    <ClInclude Include="src\ServerSide\nlohmann\detail\meta\cpp_future.hpp">
      <Filter>Header Files</Filter>
    </ClInclude>
    <ClInclude Include="src\ServerSide\nlohmann\detail\meta\detected.hpp">
      <Filter>Header Files</Filter>
    </ClInclude>
    <ClInclude Include="src\ServerSide\nlohmann\detail\meta\identity_tag.hpp">
      <Filter>Header Files</Filter>
    </ClInclude>
    <ClInclude Include="src\ServerSide\nlohmann\detail\meta\is_sax.hpp">
      <Filter>Header Files</Filter>
    </ClInclude>
    <ClInclude Include="src\ServerSide\nlohmann\detail\meta\std_fs.hpp">
      <Filter>Header Files</Filter>
    </ClInclude>
    <ClInclude Include="src\ServerSide\nlohmann\detail\meta\type_traits.hpp">
      <Filter>Header Files</Filter>
    </ClInclude>
    <ClInclude Include="src\ServerSide\nlohmann\detail\meta\void_t.hpp">
      <Filter>Header Files</Filter>
    </ClInclude>
    <ClInclude Include="src\ServerSide\nlohmann\detail\output\binary_writer.hpp">
      <Filter>Header Files</Filter>
    </ClInclude>
    <ClInclude Include="src\ServerSide\nlohmann\detail\output\output_adapters.hpp">
      <Filter>Header Files</Filter>
    </ClInclude>
    <ClInclude Include="src\ServerSide\nlohmann\detail\output\serializer.hpp">
      <Filter>Header Files</Filter>
    </ClInclude>
    <ClInclude Include="src\ServerSide\nlohmann\detail\abi_macros.hpp">
      <Filter>Header Files</Filter>
    </ClInclude>
    <ClInclude Include="src\ServerSide\nlohmann\detail\exceptions.hpp">
      <Filter>Header Files</Filter>
    </ClInclude>
    <ClInclude Include="src\ServerSide\nlohmann\detail\hash.hpp">
      <Filter>Header Files</Filter>
    </ClInclude>
    <ClInclude Include="src\ServerSide\nlohmann\detail\json_custom_base_class.hpp">
      <Filter>Header Files</Filter>
    </ClInclude>
    <ClInclude Include="src\ServerSide\nlohmann\detail\json_pointer.hpp">
      <Filter>Header Files</Filter>
    </ClInclude>
    <ClInclude Include="src\ServerSide\nlohmann\detail\json_ref.hpp">
      <Filter>Header Files</Filter>
    </ClInclude>
    <ClInclude Include="src\ServerSide\nlohmann\detail\macro_scope.hpp">
      <Filter>Header Files</Filter>
    </ClInclude>
    <ClInclude Include="src\ServerSide\nlohmann\detail\macro_unscope.hpp">
      <Filter>Header Files</Filter>
    </ClInclude>
    <ClInclude Include="src\ServerSide\nlohmann\detail\string_concat.hpp">
      <Filter>Header Files</Filter>
    </ClInclude>
    <ClInclude Include="src\ServerSide\nlohmann\detail\string_escape.hpp">
      <Filter>Header Files</Filter>
    </ClInclude>
    <ClInclude Include="src\ServerSide\nlohmann\detail\value_t.hpp">
      <Filter>Header Files</Filter>
    </ClInclude>
    <ClInclude Include="src\ServerSide\nlohmann\thirdparty\hedley\hedley.hpp">
      <Filter>Header Files</Filter>
    </ClInclude>
    <ClInclude Include="src\ServerSide\nlohmann\thirdparty\hedley\hedley_undef.hpp">
      <Filter>Header Files</Filter>
    </ClInclude>
    <ClInclude Include="src\ServerSide\nlohmann\adl_serializer.hpp">
      <Filter>Header Files</Filter>
    </ClInclude>
    <ClInclude Include="src\ServerSide\nlohmann\byte_container_with_subtype.hpp">
      <Filter>Header Files</Filter>
    </ClInclude>
    <ClInclude Include="src\ServerSide\nlohmann\json.hpp">
      <Filter>Header Files</Filter>
    </ClInclude>
    <ClInclude Include="src\ServerSide\nlohmann\json_fwd.hpp">
      <Filter>Header Files</Filter>
    </ClInclude>
    <ClInclude Include="src\ServerSide\nlohmann\ordered_map.hpp">
      <Filter>Header Files</Filter>
    </ClInclude>
    <ClInclude Include="src\ServerSide\curl-8.8.0_3-win64-mingw\include\brotli\decode.h">
      <Filter>Header Files</Filter>
    </ClInclude>
    <ClInclude Include="src\ServerSide\curl-8.8.0_3-win64-mingw\include\brotli\encode.h">
      <Filter>Header Files</Filter>
    </ClInclude>
    <ClInclude Include="src\ServerSide\curl-8.8.0_3-win64-mingw\include\brotli\port.h">
      <Filter>Header Files</Filter>
    </ClInclude>
    <ClInclude Include="src\ServerSide\curl-8.8.0_3-win64-mingw\include\brotli\shared_dictionary.h">
      <Filter>Header Files</Filter>
    </ClInclude>
    <ClInclude Include="src\ServerSide\curl-8.8.0_3-win64-mingw\include\brotli\types.h">
      <Filter>Header Files</Filter>
    </ClInclude>
    <ClInclude Include="src\ServerSide\curl-8.8.0_3-win64-mingw\include\curl\curl.h">
      <Filter>Header Files</Filter>
    </ClInclude>
    <ClInclude Include="src\ServerSide\curl-8.8.0_3-win64-mingw\include\curl\curlver.h">
      <Filter>Header Files</Filter>
    </ClInclude>
    <ClInclude Include="src\ServerSide\curl-8.8.0_3-win64-mingw\include\curl\easy.h">
      <Filter>Header Files</Filter>
    </ClInclude>
    <ClInclude Include="src\ServerSide\curl-8.8.0_3-win64-mingw\include\curl\header.h">
      <Filter>Header Files</Filter>
    </ClInclude>
    <ClInclude Include="src\ServerSide\curl-8.8.0_3-win64-mingw\include\curl\mprintf.h">
      <Filter>Header Files</Filter>
    </ClInclude>
    <ClInclude Include="src\ServerSide\curl-8.8.0_3-win64-mingw\include\curl\multi.h">
      <Filter>Header Files</Filter>
    </ClInclude>
    <ClInclude Include="src\ServerSide\curl-8.8.0_3-win64-mingw\include\curl\options.h">
      <Filter>Header Files</Filter>
    </ClInclude>
    <ClInclude Include="src\ServerSide\curl-8.8.0_3-win64-mingw\include\curl\stdcheaders.h">
      <Filter>Header Files</Filter>
    </ClInclude>
    <ClInclude Include="src\ServerSide\curl-8.8.0_3-win64-mingw\include\curl\system.h">
      <Filter>Header Files</Filter>
    </ClInclude>
    <ClInclude Include="src\ServerSide\curl-8.8.0_3-win64-mingw\include\curl\typecheck-gcc.h">
      <Filter>Header Files</Filter>
    </ClInclude>
    <ClInclude Include="src\ServerSide\curl-8.8.0_3-win64-mingw\include\curl\urlapi.h">
      <Filter>Header Files</Filter>
    </ClInclude>
    <ClInclude Include="src\ServerSide\curl-8.8.0_3-win64-mingw\include\curl\websockets.h">
      <Filter>Header Files</Filter>
    </ClInclude>
    <ClInclude Include="src\ServerSide\curl-8.8.0_3-win64-mingw\include\nghttp2\nghttp2.h">
      <Filter>Header Files</Filter>
    </ClInclude>
    <ClInclude Include="src\ServerSide\curl-8.8.0_3-win64-mingw\include\nghttp2\nghttp2ver.h">
      <Filter>Header Files</Filter>
    </ClInclude>
    <ClInclude Include="src\ServerSide\curl-8.8.0_3-win64-mingw\include\nghttp3\nghttp3.h">
      <Filter>Header Files</Filter>
    </ClInclude>
    <ClInclude Include="src\ServerSide\curl-8.8.0_3-win64-mingw\include\nghttp3\version.h">
      <Filter>Header Files</Filter>
    </ClInclude>
    <ClInclude Include="src\ServerSide\curl-8.8.0_3-win64-mingw\include\ngtcp2\ngtcp2.h">
      <Filter>Header Files</Filter>
    </ClInclude>
    <ClInclude Include="src\ServerSide\curl-8.8.0_3-win64-mingw\include\ngtcp2\ngtcp2_crypto.h">
      <Filter>Header Files</Filter>
    </ClInclude>
    <ClInclude Include="src\ServerSide\curl-8.8.0_3-win64-mingw\include\ngtcp2\ngtcp2_crypto_quictls.h">
      <Filter>Header Files</Filter>
    </ClInclude>
    <ClInclude Include="src\ServerSide\curl-8.8.0_3-win64-mingw\include\ngtcp2\version.h">
      <Filter>Header Files</Filter>
    </ClInclude>
    <ClInclude Include="src\ServerSide\curl-8.8.0_3-win64-mingw\include\openssl\aes.h">
      <Filter>Header Files</Filter>
    </ClInclude>
    <ClInclude Include="src\ServerSide\curl-8.8.0_3-win64-mingw\include\openssl\asn1.h">
      <Filter>Header Files</Filter>
    </ClInclude>
    <ClInclude Include="src\ServerSide\curl-8.8.0_3-win64-mingw\include\openssl\asn1t.h">
      <Filter>Header Files</Filter>
    </ClInclude>
    <ClInclude Include="src\ServerSide\curl-8.8.0_3-win64-mingw\include\openssl\bio.h">
      <Filter>Header Files</Filter>
    </ClInclude>
    <ClInclude Include="src\ServerSide\curl-8.8.0_3-win64-mingw\include\openssl\blowfish.h">
      <Filter>Header Files</Filter>
    </ClInclude>
    <ClInclude Include="src\ServerSide\curl-8.8.0_3-win64-mingw\include\openssl\bn.h">
      <Filter>Header Files</Filter>
    </ClInclude>
    <ClInclude Include="src\ServerSide\curl-8.8.0_3-win64-mingw\include\openssl\buffer.h">
      <Filter>Header Files</Filter>
    </ClInclude>
    <ClInclude Include="src\ServerSide\curl-8.8.0_3-win64-mingw\include\openssl\camellia.h">
      <Filter>Header Files</Filter>
    </ClInclude>
    <ClInclude Include="src\ServerSide\curl-8.8.0_3-win64-mingw\include\openssl\cast.h">
      <Filter>Header Files</Filter>
    </ClInclude>
    <ClInclude Include="src\ServerSide\curl-8.8.0_3-win64-mingw\include\openssl\chacha.h">
      <Filter>Header Files</Filter>
    </ClInclude>
    <ClInclude Include="src\ServerSide\curl-8.8.0_3-win64-mingw\include\openssl\cmac.h">
      <Filter>Header Files</Filter>
    </ClInclude>
    <ClInclude Include="src\ServerSide\curl-8.8.0_3-win64-mingw\include\openssl\cms.h">
      <Filter>Header Files</Filter>
    </ClInclude>
    <ClInclude Include="src\ServerSide\curl-8.8.0_3-win64-mingw\include\openssl\comp.h">
      <Filter>Header Files</Filter>
    </ClInclude>
    <ClInclude Include="src\ServerSide\curl-8.8.0_3-win64-mingw\include\openssl\conf.h">
      <Filter>Header Files</Filter>
    </ClInclude>
    <ClInclude Include="src\ServerSide\curl-8.8.0_3-win64-mingw\include\openssl\conf_api.h">
      <Filter>Header Files</Filter>
    </ClInclude>
    <ClInclude Include="src\ServerSide\curl-8.8.0_3-win64-mingw\include\openssl\crypto.h">
      <Filter>Header Files</Filter>
    </ClInclude>
    <ClInclude Include="src\ServerSide\curl-8.8.0_3-win64-mingw\include\openssl\ct.h">
      <Filter>Header Files</Filter>
    </ClInclude>
    <ClInclude Include="src\ServerSide\curl-8.8.0_3-win64-mingw\include\openssl\curve25519.h">
      <Filter>Header Files</Filter>
    </ClInclude>
    <ClInclude Include="src\ServerSide\curl-8.8.0_3-win64-mingw\include\openssl\des.h">
      <Filter>Header Files</Filter>
    </ClInclude>
    <ClInclude Include="src\ServerSide\curl-8.8.0_3-win64-mingw\include\openssl\dh.h">
      <Filter>Header Files</Filter>
    </ClInclude>
    <ClInclude Include="src\ServerSide\curl-8.8.0_3-win64-mingw\include\openssl\dsa.h">
      <Filter>Header Files</Filter>
    </ClInclude>
    <ClInclude Include="src\ServerSide\curl-8.8.0_3-win64-mingw\include\openssl\dtls1.h">
      <Filter>Header Files</Filter>
    </ClInclude>
    <ClInclude Include="src\ServerSide\curl-8.8.0_3-win64-mingw\include\openssl\ec.h">
      <Filter>Header Files</Filter>
    </ClInclude>
    <ClInclude Include="src\ServerSide\curl-8.8.0_3-win64-mingw\include\openssl\ecdh.h">
      <Filter>Header Files</Filter>
    </ClInclude>
    <ClInclude Include="src\ServerSide\curl-8.8.0_3-win64-mingw\include\openssl\ecdsa.h">
      <Filter>Header Files</Filter>
    </ClInclude>
    <ClInclude Include="src\ServerSide\curl-8.8.0_3-win64-mingw\include\openssl\engine.h">
      <Filter>Header Files</Filter>
    </ClInclude>
    <ClInclude Include="src\ServerSide\curl-8.8.0_3-win64-mingw\include\openssl\err.h">
      <Filter>Header Files</Filter>
    </ClInclude>
    <ClInclude Include="src\ServerSide\curl-8.8.0_3-win64-mingw\include\openssl\evp.h">
      <Filter>Header Files</Filter>
    </ClInclude>
    <ClInclude Include="src\ServerSide\curl-8.8.0_3-win64-mingw\include\openssl\hkdf.h">
      <Filter>Header Files</Filter>
    </ClInclude>
    <ClInclude Include="src\ServerSide\curl-8.8.0_3-win64-mingw\include\openssl\hmac.h">
      <Filter>Header Files</Filter>
    </ClInclude>
    <ClInclude Include="src\ServerSide\curl-8.8.0_3-win64-mingw\include\openssl\idea.h">
      <Filter>Header Files</Filter>
    </ClInclude>
    <ClInclude Include="src\ServerSide\curl-8.8.0_3-win64-mingw\include\openssl\kdf.h">
      <Filter>Header Files</Filter>
    </ClInclude>
    <ClInclude Include="src\ServerSide\curl-8.8.0_3-win64-mingw\include\openssl\lhash.h">
      <Filter>Header Files</Filter>
    </ClInclude>
    <ClInclude Include="src\ServerSide\curl-8.8.0_3-win64-mingw\include\openssl\md4.h">
      <Filter>Header Files</Filter>
    </ClInclude>
    <ClInclude Include="src\ServerSide\curl-8.8.0_3-win64-mingw\include\openssl\md5.h">
      <Filter>Header Files</Filter>
    </ClInclude>
    <ClInclude Include="src\ServerSide\curl-8.8.0_3-win64-mingw\include\openssl\modes.h">
      <Filter>Header Files</Filter>
    </ClInclude>
    <ClInclude Include="src\ServerSide\curl-8.8.0_3-win64-mingw\include\openssl\obj_mac.h">
      <Filter>Header Files</Filter>
    </ClInclude>
    <ClInclude Include="src\ServerSide\curl-8.8.0_3-win64-mingw\include\openssl\objects.h">
      <Filter>Header Files</Filter>
    </ClInclude>
    <ClInclude Include="src\ServerSide\curl-8.8.0_3-win64-mingw\include\openssl\ocsp.h">
      <Filter>Header Files</Filter>
    </ClInclude>
    <ClInclude Include="src\ServerSide\curl-8.8.0_3-win64-mingw\include\openssl\opensslconf.h">
      <Filter>Header Files</Filter>
    </ClInclude>
    <ClInclude Include="src\ServerSide\curl-8.8.0_3-win64-mingw\include\openssl\opensslfeatures.h">
      <Filter>Header Files</Filter>
    </ClInclude>
    <ClInclude Include="src\ServerSide\curl-8.8.0_3-win64-mingw\include\openssl\opensslv.h">
      <Filter>Header Files</Filter>
    </ClInclude>
    <ClInclude Include="src\ServerSide\curl-8.8.0_3-win64-mingw\include\openssl\ossl_typ.h">
      <Filter>Header Files</Filter>
    </ClInclude>
    <ClInclude Include="src\ServerSide\curl-8.8.0_3-win64-mingw\include\openssl\pem.h">
      <Filter>Header Files</Filter>
    </ClInclude>
    <ClInclude Include="src\ServerSide\curl-8.8.0_3-win64-mingw\include\openssl\pem2.h">
      <Filter>Header Files</Filter>
    </ClInclude>
    <ClInclude Include="src\ServerSide\curl-8.8.0_3-win64-mingw\include\openssl\pkcs7.h">
      <Filter>Header Files</Filter>
    </ClInclude>
    <ClInclude Include="src\ServerSide\curl-8.8.0_3-win64-mingw\include\openssl\pkcs12.h">
      <Filter>Header Files</Filter>
    </ClInclude>
    <ClInclude Include="src\ServerSide\curl-8.8.0_3-win64-mingw\include\openssl\poly1305.h">
      <Filter>Header Files</Filter>
    </ClInclude>
    <ClInclude Include="src\ServerSide\curl-8.8.0_3-win64-mingw\include\openssl\posix_time.h">
      <Filter>Header Files</Filter>
    </ClInclude>
    <ClInclude Include="src\ServerSide\curl-8.8.0_3-win64-mingw\include\openssl\rand.h">
      <Filter>Header Files</Filter>
    </ClInclude>
    <ClInclude Include="src\ServerSide\curl-8.8.0_3-win64-mingw\include\openssl\rc2.h">
      <Filter>Header Files</Filter>
    </ClInclude>
    <ClInclude Include="src\ServerSide\curl-8.8.0_3-win64-mingw\include\openssl\rc4.h">
      <Filter>Header Files</Filter>
    </ClInclude>
    <ClInclude Include="src\ServerSide\curl-8.8.0_3-win64-mingw\include\openssl\ripemd.h">
      <Filter>Header Files</Filter>
    </ClInclude>
    <ClInclude Include="src\ServerSide\curl-8.8.0_3-win64-mingw\include\openssl\rsa.h">
      <Filter>Header Files</Filter>
    </ClInclude>
    <ClInclude Include="src\ServerSide\curl-8.8.0_3-win64-mingw\include\openssl\safestack.h">
      <Filter>Header Files</Filter>
    </ClInclude>
    <ClInclude Include="src\ServerSide\curl-8.8.0_3-win64-mingw\include\openssl\sha.h">
      <Filter>Header Files</Filter>
    </ClInclude>
    <ClInclude Include="src\ServerSide\curl-8.8.0_3-win64-mingw\include\openssl\sm3.h">
      <Filter>Header Files</Filter>
    </ClInclude>
    <ClInclude Include="src\ServerSide\curl-8.8.0_3-win64-mingw\include\openssl\sm4.h">
      <Filter>Header Files</Filter>
    </ClInclude>
    <ClInclude Include="src\ServerSide\curl-8.8.0_3-win64-mingw\include\openssl\srtp.h">
      <Filter>Header Files</Filter>
    </ClInclude>
    <ClInclude Include="src\ServerSide\curl-8.8.0_3-win64-mingw\include\openssl\ssl.h">
      <Filter>Header Files</Filter>
    </ClInclude>
    <ClInclude Include="src\ServerSide\curl-8.8.0_3-win64-mingw\include\openssl\ssl2.h">
      <Filter>Header Files</Filter>
    </ClInclude>
    <ClInclude Include="src\ServerSide\curl-8.8.0_3-win64-mingw\include\openssl\ssl3.h">
      <Filter>Header Files</Filter>
    </ClInclude>
    <ClInclude Include="src\ServerSide\curl-8.8.0_3-win64-mingw\include\openssl\ssl23.h">
      <Filter>Header Files</Filter>
    </ClInclude>
    <ClInclude Include="src\ServerSide\curl-8.8.0_3-win64-mingw\include\openssl\stack.h">
      <Filter>Header Files</Filter>
    </ClInclude>
    <ClInclude Include="src\ServerSide\curl-8.8.0_3-win64-mingw\include\openssl\tls1.h">
      <Filter>Header Files</Filter>
    </ClInclude>
    <ClInclude Include="src\ServerSide\curl-8.8.0_3-win64-mingw\include\openssl\ts.h">
      <Filter>Header Files</Filter>
    </ClInclude>
    <ClInclude Include="src\ServerSide\curl-8.8.0_3-win64-mingw\include\openssl\txt_db.h">
      <Filter>Header Files</Filter>
    </ClInclude>
    <ClInclude Include="src\ServerSide\curl-8.8.0_3-win64-mingw\include\openssl\ui.h">
      <Filter>Header Files</Filter>
    </ClInclude>
    <ClInclude Include="src\ServerSide\curl-8.8.0_3-win64-mingw\include\openssl\ui_compat.h">
      <Filter>Header Files</Filter>
    </ClInclude>
    <ClInclude Include="src\ServerSide\curl-8.8.0_3-win64-mingw\include\openssl\whrlpool.h">
      <Filter>Header Files</Filter>
    </ClInclude>
    <ClInclude Include="src\ServerSide\curl-8.8.0_3-win64-mingw\include\openssl\x509.h">
      <Filter>Header Files</Filter>
    </ClInclude>
    <ClInclude Include="src\ServerSide\curl-8.8.0_3-win64-mingw\include\openssl\x509_vfy.h">
      <Filter>Header Files</Filter>
    </ClInclude>
    <ClInclude Include="src\ServerSide\curl-8.8.0_3-win64-mingw\include\openssl\x509v3.h">
      <Filter>Header Files</Filter>
    </ClInclude>
    <ClInclude Include="src\ServerSide\curl-8.8.0_3-win64-mingw\include\libpsl.h">
      <Filter>Header Files</Filter>
    </ClInclude>
    <ClInclude Include="src\ServerSide\curl-8.8.0_3-win64-mingw\include\libssh2.h">
      <Filter>Header Files</Filter>
    </ClInclude>
    <ClInclude Include="src\ServerSide\curl-8.8.0_3-win64-mingw\include\libssh2_publickey.h">
      <Filter>Header Files</Filter>
    </ClInclude>
    <ClInclude Include="src\ServerSide\curl-8.8.0_3-win64-mingw\include\libssh2_sftp.h">
      <Filter>Header Files</Filter>
    </ClInclude>
    <ClInclude Include="src\ServerSide\curl-8.8.0_3-win64-mingw\include\zconf.h">
      <Filter>Header Files</Filter>
    </ClInclude>
    <ClInclude Include="src\ServerSide\curl-8.8.0_3-win64-mingw\include\zdict.h">
      <Filter>Header Files</Filter>
    </ClInclude>
    <ClInclude Include="src\ServerSide\curl-8.8.0_3-win64-mingw\include\zlib.h">
      <Filter>Header Files</Filter>
    </ClInclude>
    <ClInclude Include="src\ServerSide\curl-8.8.0_3-win64-mingw\include\zstd.h">
      <Filter>Header Files</Filter>
    </ClInclude>
    <ClInclude Include="src\ServerSide\curl-8.8.0_3-win64-mingw\include\zstd_errors.h">
      <Filter>Header Files</Filter>
    </ClInclude>
  </ItemGroup>
  <ItemGroup>
    <None Include="imgui.ini" />
    <None Include="libssl-3-x64.dll" />
    <None Include="libcrypto-3-x64.dll" />
    <None Include="HttpSrc\glew-2.1.0\doc\advanced.html" />
    <None Include="HttpSrc\glew-2.1.0\doc\basic.html" />
    <None Include="HttpSrc\glew-2.1.0\doc\build.html" />
    <None Include="HttpSrc\glew-2.1.0\doc\credits.html" />
    <None Include="HttpSrc\glew-2.1.0\doc\glew.html" />
    <None Include="HttpSrc\glew-2.1.0\doc\glxew.html" />
    <None Include="HttpSrc\glew-2.1.0\doc\index.html" />
    <None Include="HttpSrc\glew-2.1.0\doc\install.html" />
    <None Include="HttpSrc\glew-2.1.0\doc\log.html" />
    <None Include="HttpSrc\glew-2.1.0\doc\wglew.html" />
    <None Include="vendor\ImGui\backends\vulkan\glsl_shader.frag" />
    <None Include="vendor\ImGui\backends\vulkan\glsl_shader.vert" />
    <None Include="HttpSrc\cacert.pem" />
    <None Include="src\ServerSide\build\Release\libcurl-x64 (1).dll" />
    <None Include="src\ServerSide\build\Release\movie_data.json" />
    <None Include="src\ServerSide\build\Release\ServerWithInput.exe" />
    <None Include="src\ServerSide\build\Release\server.exe" />
    <None Include="src\ServerSide\build\cmake_install.cmake" />
    <None Include="src\ServerSide\curl-8.8.0_3-win64-mingw\bin\libcurl-x64.def">
      <Filter>Source Files</Filter>
    </None>
  </ItemGroup>
  <ItemGroup>
    <Text Include="src\ServerSide\build\CMakeCache.txt" />
    <Text Include="src\ServerSide\CMakeLists.txt" />
  </ItemGroup>
</Project>